
Microsoft Visual Studio Solution File, Format Version 12.00
# Visual Studio 14
VisualStudioVersion = 14.0.25420.1
MinimumVisualStudioVersion = 10.0.40219.1
Project("{FAE04EC0-301F-11D3-BF4B-00C04F79EFBC}") = "ContosoThings", "ContosoThings\ContosoThings.csproj", "{1C6B8C53-EC0F-42B2-A882-9C87EC7D5CED}"
EndProject
Project("{FAE04EC0-301F-11D3-BF4B-00C04F79EFBC}") = "ContosoThingsCore", "ContosoThingsCore\ContosoThingsCore.csproj", "{01EF0070-7625-45DE-88CE-503C32B37DF1}"
EndProject
Project("{FAE04EC0-301F-11D3-BF4B-00C04F79EFBC}") = "ContosoThingsConsole", "ContosoThingsConsole\ContosoThingsConsole.csproj", "{AAE0E39C-1D1B-4769-A096-633FBA887DB6}"
EndProject
Global
	GlobalSection(SolutionConfigurationPlatforms) = preSolution
		Debug|Any CPU = Debug|Any CPU
		Release|Any CPU = Release|Any CPU
	EndGlobalSection
	GlobalSection(ProjectConfigurationPlatforms) = postSolution
		{1C6B8C53-EC0F-42B2-A882-9C87EC7D5CED}.Debug|Any CPU.ActiveCfg = Debug|Any CPU
		{1C6B8C53-EC0F-42B2-A882-9C87EC7D5CED}.Debug|Any CPU.Build.0 = Debug|Any CPU
		{1C6B8C53-EC0F-42B2-A882-9C87EC7D5CED}.Release|Any CPU.ActiveCfg = Release|Any CPU
		{1C6B8C53-EC0F-42B2-A882-9C87EC7D5CED}.Release|Any CPU.Build.0 = Release|Any CPU
		{01EF0070-7625-45DE-88CE-503C32B37DF1}.Debug|Any CPU.ActiveCfg = Debug|Any CPU
		{01EF0070-7625-45DE-88CE-503C32B37DF1}.Debug|Any CPU.Build.0 = Debug|Any CPU
		{01EF0070-7625-45DE-88CE-503C32B37DF1}.Release|Any CPU.ActiveCfg = Release|Any CPU
		{01EF0070-7625-45DE-88CE-503C32B37DF1}.Release|Any CPU.Build.0 = Release|Any CPU
		{AAE0E39C-1D1B-4769-A096-633FBA887DB6}.Debug|Any CPU.ActiveCfg = Debug|Any CPU
		{AAE0E39C-1D1B-4769-A096-633FBA887DB6}.Debug|Any CPU.Build.0 = Debug|Any CPU
		{AAE0E39C-1D1B-4769-A096-633FBA887DB6}.Release|Any CPU.ActiveCfg = Release|Any CPU
		{AAE0E39C-1D1B-4769-A096-633FBA887DB6}.Release|Any CPU.Build.0 = Release|Any CPU
	EndGlobalSection
	GlobalSection(SolutionProperties) = preSolution
		HideSolutionNode = FALSE
	EndGlobalSection
EndGlobal
